
Microsoft Visual Studio Solution File, Format Version 12.00
# Visual Studio Version 17
VisualStudioVersion = 17.12.35707.178
MinimumVisualStudioVersion = 10.0.40219.1
Project("{FAE04EC0-301F-11D3-BF4B-00C04F79EFBC}") = "DormDomain", "DormDomain\DormDomain.csproj", "{EA840D2F-E1F5-4049-8B5F-899B980A364C}"
EndProject
Project("{FAE04EC0-301F-11D3-BF4B-00C04F79EFBC}") = "DormInfrastructure", "DormInfrastructure\DormInfrastructure.csproj", "{AB8C12B1-2A2C-46CC-8E66-92BB5178D76B}"
EndProject
Global
	GlobalSection(SolutionConfigurationPlatforms) = preSolution
		Debug|Any CPU = Debug|Any CPU
		Release|Any CPU = Release|Any CPU
	EndGlobalSection
	GlobalSection(ProjectConfigurationPlatforms) = postSolution
		{EA840D2F-E1F5-4049-8B5F-899B980A364C}.Debug|Any CPU.ActiveCfg = Debug|Any CPU
		{EA840D2F-E1F5-4049-8B5F-899B980A364C}.Debug|Any CPU.Build.0 = Debug|Any CPU
		{EA840D2F-E1F5-4049-8B5F-899B980A364C}.Release|Any CPU.ActiveCfg = Release|Any CPU
		{EA840D2F-E1F5-4049-8B5F-899B980A364C}.Release|Any CPU.Build.0 = Release|Any CPU
		{AB8C12B1-2A2C-46CC-8E66-92BB5178D76B}.Debug|Any CPU.ActiveCfg = Debug|Any CPU
		{AB8C12B1-2A2C-46CC-8E66-92BB5178D76B}.Debug|Any CPU.Build.0 = Debug|Any CPU
		{AB8C12B1-2A2C-46CC-8E66-92BB5178D76B}.Release|Any CPU.ActiveCfg = Release|Any CPU
		{AB8C12B1-2A2C-46CC-8E66-92BB5178D76B}.Release|Any CPU.Build.0 = Release|Any CPU
	EndGlobalSection
	GlobalSection(SolutionProperties) = preSolution
		HideSolutionNode = FALSE
	EndGlobalSection
EndGlobal
